Microsoft Visual Studio Solution File, Format Version 12.00
# Visual Studio Version 17
VisualStudioVersion = 17.5.2.0
MinimumVisualStudioVersion = 10.0.40219.1
Project("{FAE04EC0-301F-11D3-BF4B-00C04F79EFBC}") = "HelloDotNet", "HelloDotNet\HelloDotNet.csproj", "{4F546A8F-2750-F36A-C00F-58B4FBFD9C6B}"
EndProject
Project("{FAE04EC0-301F-11D3-BF4B-00C04F79EFBC}") = "LibraryManagement", "LibraryManagement\LibraryManagement.csproj", "{3BAA276D-83F9-40AE-B96B-7E7AFC50BB68}"
EndProject
Global
	GlobalSection(SolutionConfigurationPlatforms) = preSolution
		Debug|Any CPU = Debug|Any CPU
		Release|Any CPU = Release|Any CPU
	EndGlobalSection
	GlobalSection(ProjectConfigurationPlatforms) = postSolution
		{4F546A8F-2750-F36A-C00F-58B4FBFD9C6B}.Debug|Any CPU.ActiveCfg = Debug|Any CPU
		{4F546A8F-2750-F36A-C00F-58B4FBFD9C6B}.Debug|Any CPU.Build.0 = Debug|Any CPU
		{4F546A8F-2750-F36A-C00F-58B4FBFD9C6B}.Release|Any CPU.ActiveCfg = Release|Any CPU
		{4F546A8F-2750-F36A-C00F-58B4FBFD9C6B}.Release|Any CPU.Build.0 = Release|Any CPU
		{3BAA276D-83F9-40AE-B96B-7E7AFC50BB68}.Debug|Any CPU.ActiveCfg = Debug|Any CPU
		{3BAA276D-83F9-40AE-B96B-7E7AFC50BB68}.Debug|Any CPU.Build.0 = Debug|Any CPU
		{3BAA276D-83F9-40AE-B96B-7E7AFC50BB68}.Release|Any CPU.ActiveCfg = Release|Any CPU
		{3BAA276D-83F9-40AE-B96B-7E7AFC50BB68}.Release|Any CPU.Build.0 = Release|Any CPU
	EndGlobalSection
	GlobalSection(SolutionProperties) = preSolution
		HideSolutionNode = FALSE
	EndGlobalSection
	GlobalSection(ExtensibilityGlobals) = postSolution
		SolutionGuid = {29888BD1-0DE5-4C26-9508-D4801A9DF370}
	EndGlobalSection
EndGlobal
